
Microsoft Visual Studio Solution File, Format Version 12.00
# Visual Studio Version 16
VisualStudioVersion = 16.0.32630.194
MinimumVisualStudioVersion = 10.0.40219.1
Project("{FAE04EC0-301F-11D3-BF4B-00C04F79EFBC}") = "ServiceDiscoveryApiGateway", "ServiceDiscoveryApiGateway\ServiceDiscoveryApiGateway.csproj", "{BB52A8DA-D786-4714-A456-6E427D4183A9}"
EndProject
Global
	GlobalSection(SolutionConfigurationPlatforms) = preSolution
		Debug|Any CPU = Debug|Any CPU
		Release|Any CPU = Release|Any CPU
	EndGlobalSection
	GlobalSection(ProjectConfigurationPlatforms) = postSolution
		{BB52A8DA-D786-4714-A456-6E427D4183A9}.Debug|Any CPU.ActiveCfg = Debug|Any CPU
		{BB52A8DA-D786-4714-A456-6E427D4183A9}.Debug|Any CPU.Build.0 = Debug|Any CPU
		{BB52A8DA-D786-4714-A456-6E427D4183A9}.Release|Any CPU.ActiveCfg = Release|Any CPU
		{BB52A8DA-D786-4714-A456-6E427D4183A9}.Release|Any CPU.Build.0 = Release|Any CPU
	EndGlobalSection
	GlobalSection(SolutionProperties) = preSolution
		HideSolutionNode = FALSE
	EndGlobalSection
	GlobalSection(ExtensibilityGlobals) = postSolution
		SolutionGuid = {E064FE7B-0B04-4965-93BB-BFCDC346F2DF}
	EndGlobalSection
EndGlobal
